// !$*UTF8*$!
{
	archiveVersion = 1;
	classes = {
	};
	objectVersion = 50;
	objects = {

/* Begin PBXBuildFile section */
		89A9A3B52387723900F3CBAB /* AppDelegate.swift in Sources */ = {isa = PBXBuildFile; fileRef = 89A9A3B42387723900F3CBAB /* AppDelegate.swift */; };
		89A9A3B72387723900F3CBAB /* SceneDelegate.swift in Sources */ = {isa = PBXBuildFile; fileRef = 89A9A3B62387723900F3CBAB /* SceneDelegate.swift */; };
		89A9A3B92387723900F3CBAB /* ViewController.swift in Sources */ = {isa = PBXBuildFile; fileRef = 89A9A3B82387723900F3CBAB /* ViewController.swift */; };
		89A9A3BC2387723900F3CBAB /* Main.storyboard in Resources */ = {isa = PBXBuildFile; fileRef = 89A9A3BA2387723900F3CBAB /* Main.storyboard */; };
		89A9A3BE2387723C00F3CBAB /* Assets.xcassets in Resources */ = {isa = PBXBuildFile; fileRef = 89A9A3BD2387723C00F3CBAB /* Assets.xcassets */; };
		89A9A3C12387723C00F3CBAB /* LaunchScreen.storyboard in Resources */ = {isa = PBXBuildFile; fileRef = 89A9A3BF2387723C00F3CBAB /* LaunchScreen.storyboard */; };
		C4E8606C45F42A4237F9EFFD /* Pods_SwiftGenPractice.framework in Frameworks */ = {isa = PBXBuildFile; fileRef = 580AFE5AFB9E360EC0570B90 /* Pods_SwiftGenPractice.framework */; };
/* End PBXBuildFile section */

/* Begin PBXFileReference section */
		3128F4D7B65EEF03CC4456AF /* Pods-SwiftGenPractice.release.xcconfig */ = {isa = PBXFileReference; includeInIndex = 1; lastKnownFileType = text.xcconfig; name = "Pods-SwiftGenPractice.release.xcconfig"; path = "Target Support Files/Pods-SwiftGenPractice/Pods-SwiftGenPractice.release.xcconfig"; sourceTree = "<group>"; };
		580AFE5AFB9E360EC0570B90 /* Pods_SwiftGenPractice.framework */ = {isa = PBXFileReference; explicitFileType = wrapper.framework; includeInIndex = 0; path = Pods_SwiftGenPractice.framework; sourceTree = BUILT_PRODUCTS_DIR; };
		89A9A3B12387723900F3CBAB /* SwiftGenPractice.app */ = {isa = PBXFileReference; explicitFileType = wrapper.application; includeInIndex = 0; path = SwiftGenPractice.app; sourceTree = BUILT_PRODUCTS_DIR; };
		89A9A3B42387723900F3CBAB /* AppDelegate.swift */ = {isa = PBXFileReference; lastKnownFileType = sourcecode.swift; path = AppDelegate.swift; sourceTree = "<group>"; };
		89A9A3B62387723900F3CBAB /* SceneDelegate.swift */ = {isa = PBXFileReference; lastKnownFileType = sourcecode.swift; path = SceneDelegate.swift; sourceTree = "<group>"; };
		89A9A3B82387723900F3CBAB /* ViewController.swift */ = {isa = PBXFileReference; lastKnownFileType = sourcecode.swift; path = ViewController.swift; sourceTree = "<group>"; };
		89A9A3BB2387723900F3CBAB /* Base */ = {isa = PBXFileReference; lastKnownFileType = file.storyboard; name = Base; path = Base.lproj/Main.storyboard; sourceTree = "<group>"; };
		89A9A3BD2387723C00F3CBAB /* Assets.xcassets */ = {isa = PBXFileReference; lastKnownFileType = folder.assetcatalog; path = Assets.xcassets; sourceTree = "<group>"; };
		89A9A3C02387723C00F3CBAB /* Base */ = {isa = PBXFileReference; lastKnownFileType = file.storyboard; name = Base; path = Base.lproj/LaunchScreen.storyboard; sourceTree = "<group>"; };
		89A9A3C22387723C00F3CBAB /* Info.plist */ = {isa = PBXFileReference; lastKnownFileType = text.plist.xml; path = Info.plist; sourceTree = "<group>"; };
		CC406FA097A9910B3E2111DF /* Pods-SwiftGenPractice.debug.xcconfig */ = {isa = PBXFileReference; includeInIndex = 1; lastKnownFileType = text.xcconfig; name = "Pods-SwiftGenPractice.debug.xcconfig"; path = "Target Support Files/Pods-SwiftGenPractice/Pods-SwiftGenPractice.debug.xcconfig"; sourceTree = "<group>"; };
/* End PBXFileReference section */

/* Begin PBXFrameworksBuildPhase section */
		89A9A3AE2387723900F3CBAB /* Frameworks */ = {
			isa = PBXFrameworksBuildPhase;
			buildActionMask = 2147483647;
			files = (
				C4E8606C45F42A4237F9EFFD /* Pods_SwiftGenPractice.framework in Frameworks */,
			);
			runOnlyForDeploymentPostprocessing = 0;
		};
/* End PBXFrameworksBuildPhase section */

/* Begin PBXGroup section */
		2DE3DED2543CF54E73C5B24D /* Pods */ = {
			isa = PBXGroup;
			children = (
				CC406FA097A9910B3E2111DF /* Pods-SwiftGenPractice.debug.xcconfig */,
				3128F4D7B65EEF03CC4456AF /* Pods-SwiftGenPractice.release.xcconfig */,
			);
			name = Pods;
			path = Pods;
			sourceTree = "<group>";
		};
		89A9A3A82387723900F3CBAB = {
			isa = PBXGroup;
			children = (
				89A9A3B32387723900F3CBAB /* SwiftGenPractice */,
				89A9A3B22387723900F3CBAB /* Products */,
				2DE3DED2543CF54E73C5B24D /* Pods */,
				A1D6BD44B2993753D999BC85 /* Frameworks */,
			);
			sourceTree = "<group>";
		};
		89A9A3B22387723900F3CBAB /* Products */ = {
			isa = PBXGroup;
			children = (
				89A9A3B12387723900F3CBAB /* SwiftGenPractice.app */,
			);
			name = Products;
			sourceTree = "<group>";
		};
		89A9A3B32387723900F3CBAB /* SwiftGenPractice */ = {
			isa = PBXGroup;
			children = (
				89A9A3B42387723900F3CBAB /* AppDelegate.swift */,
				89A9A3B62387723900F3CBAB /* SceneDelegate.swift */,
				89A9A3B82387723900F3CBAB /* ViewController.swift */,
				89A9A3BA2387723900F3CBAB /* Main.storyboard */,
				89A9A3BD2387723C00F3CBAB /* Assets.xcassets */,
				89A9A3BF2387723C00F3CBAB /* LaunchScreen.storyboard */,
				89A9A3C22387723C00F3CBAB /* Info.plist */,
			);
			path = SwiftGenPractice;
			sourceTree = "<group>";
		};
		A1D6BD44B2993753D999BC85 /* Frameworks */ = {
			isa = PBXGroup;
			children = (
				580AFE5AFB9E360EC0570B90 /* Pods_SwiftGenPractice.framework */,
			);
			name = Frameworks;
			sourceTree = "<group>";
		};
/* End PBXGroup section */

/* Begin PBXNativeTarget section */
		89A9A3B02387723900F3CBAB /* SwiftGenPractice */ = {
			isa = PBXNativeTarget;
			buildConfigurationList = 89A9A3C52387723C00F3CBAB /* Build configuration list for PBXNativeTarget "SwiftGenPractice" */;
			buildPhases = (
				770CA812A843152AD6ED367E /* [CP] Check Pods Manifest.lock */,
				89A9A3AD2387723900F3CBAB /* Sources */,
				89A9A3AE2387723900F3CBAB /* Frameworks */,
				89A9A3AF2387723900F3CBAB /* Resources */,
			);
			buildRules = (
			);
			dependencies = (
			);
			name = SwiftGenPractice;
			productName = SwiftGenPractice;
			productReference = 89A9A3B12387723900F3CBAB /* SwiftGenPractice.app */;
			productType = "com.apple.product-type.application";
		};
/* End PBXNativeTarget section */

/* Begin PBXProject section */
		89A9A3A92387723900F3CBAB /* Project object */ = {
			isa = PBXProject;
			attributes = {
				LastSwiftUpdateCheck = 1120;
				LastUpgradeCheck = 1120;
				ORGANIZATIONNAME = tihimsm;
				TargetAttributes = {
					89A9A3B02387723900F3CBAB = {
						CreatedOnToolsVersion = 11.2.1;
					};
				};
			};
			buildConfigurationList = 89A9A3AC2387723900F3CBAB /* Build configuration list for PBXProject "SwiftGenPractice" */;
			compatibilityVersion = "Xcode 9.3";
			developmentRegion = en;
			hasScannedForEncodings = 0;
			knownRegions = (
				en,
				Base,
			);
			mainGroup = 89A9A3A82387723900F3CBAB;
			productRefGroup = 89A9A3B22387723900F3CBAB /* Products */;
			projectDirPath = "";
			projectRoot = "";
			targets = (
				89A9A3B02387723900F3CBAB /* SwiftGenPractice */,
			);
		};
/* End PBXProject section */

/* Begin PBXResourcesBuildPhase section */
		89A9A3AF2387723900F3CBAB /* Resources */ = {
			isa = PBXResourcesBuildPhase;
			buildActionMask = 2147483647;
			files = (
				89A9A3C12387723C00F3CBAB /* LaunchScreen.storyboard in Resources */,
				89A9A3BE2387723C00F3CBAB /* Assets.xcassets in Resources */,
				89A9A3BC2387723900F3CBAB /* Main.storyboard in Resources */,
			);
			runOnlyForDeploymentPostprocessing = 0;
		};
/* End PBXResourcesBuildPhase section */

/* Begin PBXShellScriptBuildPhase section */
		770CA812A843152AD6ED367E /* [CP] Check Pods Manifest.lock */ = {
			isa = PBXShellScriptBuildPhase;
			buildActionMask = 2147483647;
			files = (
			);
			inputFileListPaths = (
			);
			inputPaths = (
				"${PODS_PODFILE_DIR_PATH}/Podfile.lock",
				"${PODS_ROOT}/Manifest.lock",
			);
			name = "[CP] Check Pods Manifest.lock";
			outputFileListPaths = (
			);
			outputPaths = (
				"$(DERIVED_FILE_DIR)/Pods-SwiftGenPractice-checkManifestLockResult.txt",
			);
			runOnlyForDeploymentPostprocessing = 0;
			shellPath = /bin/sh;
			shellScript = "diff \"${PODS_PODFILE_DIR_PATH}/Podfile.lock\" \"${PODS_ROOT}/Manifest.lock\" > /dev/null\nif [ $? != 0 ] ; then\n    # print error to STDERR\n    echo \"error: The sandbox is not in sync with the Podfile.lock. Run 'pod install' or update your CocoaPods installation.\" >&2\n    exit 1\nfi\n# This output is used by Xcode 'outputs' to avoid re-running this script phase.\necho \"SUCCESS\" > \"${SCRIPT_OUTPUT_FILE_0}\"\n";
			showEnvVarsInLog = 0;
		};
/* End PBXShellScriptBuildPhase section */

/* Begin PBXSourcesBuildPhase section */
		89A9A3AD2387723900F3CBAB /* Sources */ = {
			isa = PBXSourcesBuildPhase;
			buildActionMask = 2147483647;
			files = (
				89A9A3B92387723900F3CBAB /* ViewController.swift in Sources */,
				89A9A3B52387723900F3CBAB /* AppDelegate.swift in Sources */,
				89A9A3B72387723900F3CBAB /* SceneDelegate.swift in Sources */,
			);
			runOnlyForDeploymentPostprocessing = 0;
		};
/* End PBXSourcesBuildPhase section */

/* Begin PBXVariantGroup section */
		89A9A3BA2387723900F3CBAB /* Main.storyboard */ = {
			isa = PBXVariantGroup;
			children = (
				89A9A3BB2387723900F3CBAB /* Base */,
			);
			name = Main.storyboard;
			sourceTree = "<group>";
		};
		89A9A3BF2387723C00F3CBAB /* LaunchScreen.storyboard */ = {
			isa = PBXVariantGroup;
			children = (
				89A9A3C02387723C00F3CBAB /* Base */,
			);
			name = LaunchScreen.storyboard;
			sourceTree = "<group>";
		};
/* End PBXVariantGroup section */

/* Begin XCBuildConfiguration section */
		89A9A3C32387723C00F3CBAB /* Debug */ = {
			isa = XCBuildConfiguration;
			buildSettings = {
				ALWAYS_SEARCH_USER_PATHS = NO;
				CLANG_ANALYZER_NONNULL = YES;
				CLANG_ANALYZER_NUMBER_OBJECT_CONVERSION = YES_AGGRESSIVE;
				CLANG_CXX_LANGUAGE_STANDARD = "gnu++14";
				CLANG_CXX_LIBRARY = "libc++";
				CLANG_ENABLE_MODULES = YES;
				CLANG_ENABLE_OBJC_ARC = YES;
				CLANG_ENABLE_OBJC_WEAK = YES;
				CLANG_WARN_BLOCK_CAPTURE_AUTORELEASING = YES;
				CLANG_WARN_BOOL_CONVERSION = YES;
				CLANG_WARN_COMMA = YES;
				CLANG_WARN_CONSTANT_CONVERSION = YES;
				CLANG_WARN_DEPRECATED_OBJC_IMPLEMENTATIONS = YES;
				CLANG_WARN_DIRECT_OBJC_ISA_USAGE = YES_ERROR;
				CLANG_WARN_DOCUMENTATION_COMMENTS = YES;
				CLANG_WARN_EMPTY_BODY = YES;
				CLANG_WARN_ENUM_CONVERSION = YES;
				CLANG_WARN_INFINITE_RECURSION = YES;
				CLANG_WARN_INT_CONVERSION = YES;
				CLANG_WARN_NON_LITERAL_NULL_CONVERSION = YES;
				CLANG_WARN_OBJC_IMPLICIT_RETAIN_SELF = YES;
				CLANG_WARN_OBJC_LITERAL_CONVERSION = YES;
				CLANG_WARN_OBJC_ROOT_CLASS = YES_ERROR;
				CLANG_WARN_RANGE_LOOP_ANALYSIS = YES;
				CLANG_WARN_STRICT_PROTOTYPES = YES;
				CLANG_WARN_SUSPICIOUS_MOVE = YES;
				CLANG_WARN_UNGUARDED_AVAILABILITY = YES_AGGRESSIVE;
				CLANG_WARN_UNREACHABLE_CODE = YES;
				CLANG_WARN__DUPLICATE_METHOD_MATCH = YES;
				COPY_PHASE_STRIP = NO;
				DEBUG_INFORMATION_FORMAT = dwarf;
				ENABLE_STRICT_OBJC_MSGSEND = YES;
				ENABLE_TESTABILITY = YES;
				GCC_C_LANGUAGE_STANDARD = gnu11;
				GCC_DYNAMIC_NO_PIC = NO;
				GCC_NO_COMMON_BLOCKS = YES;
				GCC_OPTIMIZATION_LEVEL = 0;
				GCC_PREPROCESSOR_DEFINITIONS = (
					"DEBUG=1",
					"$(inherited)",
				);
				GCC_WARN_64_TO_32_BIT_CONVERSION = YES;
				GCC_WARN_ABOUT_RETURN_TYPE = YES_ERROR;
				GCC_WARN_UNDECLARED_SELECTOR = YES;
				GCC_WARN_UNINITIALIZED_AUTOS = YES_AGGRESSIVE;
				GCC_WARN_UNUSED_FUNCTION = YES;
				GCC_WARN_UNUSED_VARIABLE = YES;
				IPHONEOS_DEPLOYMENT_TARGET = 13.2;
				MTL_ENABLE_DEBUG_INFO = INCLUDE_SOURCE;
				MTL_FAST_MATH = YES;
				ONLY_ACTIVE_ARCH = YES;
				SDKROOT = iphoneos;
				SWIFT_ACTIVE_COMPILATION_CONDITIONS = DEBUG;
				SWIFT_OPTIMIZATION_LEVEL = "-Onone";
			};
			name = Debug;
		};
		89A9A3C42387723C00F3CBAB /* Release */ = {
			isa = XCBuildConfiguration;
			buildSettings = {
				ALWAYS_SEARCH_USER_PATHS = NO;
				CLANG_ANALYZER_NONNULL = YES;
				CLANG_ANALYZER_NUMBER_OBJECT_CONVERSION = YES_AGGRESSIVE;
				CLANG_CXX_LANGUAGE_STANDARD = "gnu++14";
				CLANG_CXX_LIBRARY = "libc++";
				CLANG_ENABLE_MODULES = YES;
				CLANG_ENABLE_OBJC_ARC = YES;
				CLANG_ENABLE_OBJC_WEAK = YES;
				CLANG_WARN_BLOCK_CAPTURE_AUTORELEASING = YES;
				CLANG_WARN_BOOL_CONVERSION = YES;
				CLANG_WARN_COMMA = YES;
				CLANG_WARN_CONSTANT_CONVERSION = YES;
				CLANG_WARN_DEPRECATED_OBJC_IMPLEMENTATIONS = YES;
				CLANG_WARN_DIRECT_OBJC_ISA_USAGE = YES_ERROR;
				CLANG_WARN_DOCUMENTATION_COMMENTS = YES;
				CLANG_WARN_EMPTY_BODY = YES;
				CLANG_WARN_ENUM_CONVERSION = YES;
				CLANG_WARN_INFINITE_RECURSION = YES;
				CLANG_WARN_INT_CONVERSION = YES;
				CLANG_WARN_NON_LITERAL_NULL_CONVERSION = YES;
				CLANG_WARN_OBJC_IMPLICIT_RETAIN_SELF = YES;
				CLANG_WARN_OBJC_LITERAL_CONVERSION = YES;
				CLANG_WARN_OBJC_ROOT_CLASS = YES_ERROR;
				CLANG_WARN_RANGE_LOOP_ANALYSIS = YES;
				CLANG_WARN_STRICT_PROTOTYPES = YES;
				CLANG_WARN_SUSPICIOUS_MOVE = YES;
				CLANG_WARN_UNGUARDED_AVAILABILITY = YES_AGGRESSIVE;
				CLANG_WARN_UNREACHABLE_CODE = YES;
				CLANG_WARN__DUPLICATE_METHOD_MATCH = YES;
				COPY_PHASE_STRIP = NO;
				DEBUG_INFORMATION_FORMAT = "dwarf-with-dsym";
				ENABLE_NS_ASSERTIONS = NO;
				ENABLE_STRICT_OBJC_MSGSEND = YES;
				GCC_C_LANGUAGE_STANDARD = gnu11;
				GCC_NO_COMMON_BLOCKS = YES;
				GCC_WARN_64_TO_32_BIT_CONVERSION = YES;
				GCC_WARN_ABOUT_RETURN_TYPE = YES_ERROR;
				GCC_WARN_UNDECLARED_SELECTOR = YES;
				GCC_WARN_UNINITIALIZED_AUTOS = YES_AGGRESSIVE;
				GCC_WARN_UNUSED_FUNCTION = YES;
				GCC_WARN_UNUSED_VARIABLE = YES;
				IPHONEOS_DEPLOYMENT_TARGET = 13.2;
				MTL_ENABLE_DEBUG_INFO = NO;
				MTL_FAST_MATH = YES;
				SDKROOT = iphoneos;
				SWIFT_COMPILATION_MODE = wholemodule;
				SWIFT_OPTIMIZATION_LEVEL = "-O";
				VALIDATE_PRODUCT = YES;
			};
			name = Release;
		};
		89A9A3C62387723C00F3CBAB /* Debug */ = {
			isa = XCBuildConfiguration;
			baseConfigurationReference = CC406FA097A9910B3E2111DF /* Pods-SwiftGenPractice.debug.xcconfig */;
			buildSettings = {
				ASSETCATALOG_COMPILER_APPICON_NAME = AppIcon;
				CODE_SIGN_STYLE = Automatic;
				DEVELOPMENT_TEAM = HYJ293PKPL;
				INFOPLIST_FILE = SwiftGenPractice/Info.plist;
				LD_RUNPATH_SEARCH_PATHS = (
					"$(inherited)",
					"@executable_path/Frameworks",
				);
				PRODUCT_BUNDLE_IDENTIFIER = jp.tihimsm.SwiftGenPractice;
				PRODUCT_NAME = "$(TARGET_NAME)";
				SWIFT_VERSION = 5.0;
				TARGETED_DEVICE_FAMILY = "1,2";
			};
			name = Debug;
		};
		89A9A3C72387723C00F3CBAB /* Release */ = {
			isa = XCBuildConfiguration;
			baseConfigurationReference = 3128F4D7B65EEF03CC4456AF /* Pods-SwiftGenPractice.release.xcconfig */;
			buildSettings = {
				ASSETCATALOG_COMPILER_APPICON_NAME = AppIcon;
				CODE_SIGN_STYLE = Automatic;
				DEVELOPMENT_TEAM = HYJ293PKPL;
				INFOPLIST_FILE = SwiftGenPractice/Info.plist;
				LD_RUNPATH_SEARCH_PATHS = (
					"$(inherited)",
					"@executable_path/Frameworks",
				);
				PRODUCT_BUNDLE_IDENTIFIER = jp.tihimsm.SwiftGenPractice;
				PRODUCT_NAME = "$(TARGET_NAME)";
				SWIFT_VERSION = 5.0;
				TARGETED_DEVICE_FAMILY = "1,2";
			};
			name = Release;
		};
/* End XCBuildConfiguration section */

/* Begin XCConfigurationList section */
		89A9A3AC2387723900F3CBAB /* Build configuration list for PBXProject "SwiftGenPractice" */ = {
			isa = XCConfigurationList;
			buildConfigurations = (
				89A9A3C32387723C00F3CBAB /* Debug */,
				89A9A3C42387723C00F3CBAB /* Release */,
			);
			defaultConfigurationIsVisible = 0;
			defaultConfigurationName = Release;
		};
		89A9A3C52387723C00F3CBAB /* Build configuration list for PBXNativeTarget "SwiftGenPractice" */ = {
			isa = XCConfigurationList;
			buildConfigurations = (
				89A9A3C62387723C00F3CBAB /* Debug */,
				89A9A3C72387723C00F3CBAB /* Release */,
			);
			defaultConfigurationIsVisible = 0;
			defaultConfigurationName = Release;
		};
/* End XCConfigurationList section */
	};
	rootObject = 89A9A3A92387723900F3CBAB /* Project object */;
}
